<?xml version="1.0" encoding="UTF-8"?>
<Project xmlns="http://schemas.microsoft.com/developer/msbuild/2003" ToolsVersion="4.0">
    <ItemGroup>
        <Filter Include="header">
            <UniqueIdentifier>{621512F8-11A1-4E40-BC04-EC66D706FBB0}</UniqueIdentifier>
            <Extensions>h;hpp</Extensions>
        </Filter>
        <Filter Include="resource">
            <UniqueIdentifier>{5C1851F5-7C41-4996-9394-D7DF245F52F1}</UniqueIdentifier>
            <Extensions>hlsl;jpg;jpeg;png;wav;mp3;ico;dds;rc;obj</Extensions>
        </Filter>
        <Filter Include="source">
            <UniqueIdentifier>{D9D40867-F1D8-4BF0-AC26-0FC4FEC67F15}</UniqueIdentifier>
            <Extensions>cpp;c</Extensions>
        </Filter>
    </ItemGroup>
    <ItemGroup>
        <ClCompile Include="..\..\..\src\MiniStudio\AmbiantShader.cpp">
            <Filter>source</Filter>
        </ClCompile>
        <ClCompile Include="..\..\..\src\MiniStudio\ArrowLogic.cpp">
            <Filter>source</Filter>
        </ClCompile>
        <ClCompile Include="..\..\..\src\MiniStudio\BatMovement.cpp">
            <Filter>source</Filter>
        </ClCompile>
        <ClCompile Include="..\..\..\src\MiniStudio\CheckZoneLogic.cpp">
            <Filter>source</Filter>
        </ClCompile>
        <ClCompile Include="..\..\..\src\MiniStudio\DeathMenuScene.cpp">
            <Filter>source</Filter>
        </ClCompile>
        <ClCompile Include="..\..\..\src\MiniStudio\DoorLogic.cpp">
            <Filter>source</Filter>
        </ClCompile>
        <ClCompile Include="..\..\..\src\MiniStudio\EndMenu.cpp">
            <Filter>source</Filter>
        </ClCompile>
        <ClCompile Include="..\..\..\src\MiniStudio\HealthBar.cpp">
            <Filter>source</Filter>
        </ClCompile>
        <ClCompile Include="..\..\..\src\MiniStudio\HypeBar.cpp">
            <Filter>source</Filter>
        </ClCompile>
        <ClCompile Include="..\..\..\src\MiniStudio\Inventory.cpp">
            <Filter>source</Filter>
        </ClCompile>
        <ClCompile Include="..\..\..\src\MiniStudio\KeyBinds.cpp">
            <Filter>source</Filter>
        </ClCompile>
        <ClCompile Include="..\..\..\src\MiniStudio\main.cpp">
            <Filter>source</Filter>
        </ClCompile>
        <ClCompile Include="..\..\..\src\MiniStudio\MainMenuScene.cpp">
            <Filter>source</Filter>
        </ClCompile>
        <ClCompile Include="..\..\..\src\MiniStudio\MusicChange.cpp">
            <Filter>source</Filter>
        </ClCompile>
        <ClCompile Include="..\..\..\src\MiniStudio\PauseScene.cpp">
            <Filter>source</Filter>
        </ClCompile>
        <ClCompile Include="..\..\..\src\MiniStudio\PlayerAnimationController.cpp">
            <Filter>source</Filter>
        </ClCompile>
        <ClCompile Include="..\..\..\src\MiniStudio\PlayerHealth.cpp">
            <Filter>source</Filter>
        </ClCompile>
        <ClCompile Include="..\..\..\src\MiniStudio\PlayerInteract.cpp">
            <Filter>source</Filter>
        </ClCompile>
        <ClCompile Include="..\..\..\src\MiniStudio\PlayerMovement.cpp">
            <Filter>source</Filter>
        </ClCompile>
        <ClCompile Include="..\..\..\src\MiniStudio\PlayerWalljump.cpp">
            <Filter>source</Filter>
        </ClCompile>
        <ClCompile Include="..\..\..\src\MiniStudio\RatMovement.cpp">
            <Filter>source</Filter>
        </ClCompile>
        <ClCompile Include="..\..\..\src\MiniStudio\RebindButton.cpp">
            <Filter>source</Filter>
        </ClCompile>
        <ClCompile Include="..\..\..\src\MiniStudio\RhythmSpawner.cpp">
            <Filter>source</Filter>
        </ClCompile>
        <ClCompile Include="..\..\..\src\MiniStudio\RythmeText.cpp">
            <Filter>source</Filter>
        </ClCompile>
        <ClCompile Include="..\..\..\src\MiniStudio\SettingsLoader.cpp">
            <Filter>source</Filter>
        </ClCompile>
        <ClCompile Include="..\..\..\src\MiniStudio\SettingsScene.cpp">
            <Filter>source</Filter>
        </ClCompile>
        <ClCompile Include="..\..\..\src\MiniStudio\Slider.cpp">
            <Filter>source</Filter>
        </ClCompile>
        <ClCompile Include="..\..\..\src\MiniStudio\SoundEffect.cpp">
            <Filter>source</Filter>
        </ClCompile>
        <ClCompile Include="..\..\..\src\MiniStudio\StartScene.cpp">
            <Filter>source</Filter>
        </ClCompile>
        <ClInclude Include="..\..\..\src\MiniStudio\AmbiantShader.h">
            <Filter>header</Filter>
        </ClInclude>
        <ClInclude Include="..\..\..\src\MiniStudio\ArrowLogic.h">
            <Filter>header</Filter>
        </ClInclude>
        <ClInclude Include="..\..\..\src\MiniStudio\BatMovement.h">
            <Filter>header</Filter>
        </ClInclude>
        <ClInclude Include="..\..\..\src\MiniStudio\CheckZoneLogic.h">
            <Filter>header</Filter>
        </ClInclude>
        <ClInclude Include="..\..\..\src\MiniStudio\DeathMenuScene.h">
            <Filter>header</Filter>
        </ClInclude>
        <ClInclude Include="..\..\..\src\MiniStudio\DoorLogic.h">
            <Filter>header</Filter>
        </ClInclude>
        <ClInclude Include="..\..\..\src\MiniStudio\EndMenu.h">
            <Filter>header</Filter>
        </ClInclude>
        <ClInclude Include="..\..\..\src\MiniStudio\HealthBar.h">
            <Filter>header</Filter>
        </ClInclude>
        <ClInclude Include="..\..\..\src\MiniStudio\HypeBar.h">
            <Filter>header</Filter>
        </ClInclude>
        <ClInclude Include="..\..\..\src\MiniStudio\Inventory.h">
            <Filter>header</Filter>
        </ClInclude>
        <ClInclude Include="..\..\..\src\MiniStudio\KeyBinds.h">
            <Filter>header</Filter>
        </ClInclude>
        <ClInclude Include="..\..\..\src\MiniStudio\MainMenuScene.h">
            <Filter>header</Filter>
        </ClInclude>
        <ClInclude Include="..\..\..\src\MiniStudio\MusicChange.h">
            <Filter>header</Filter>
        </ClInclude>
        <ClInclude Include="..\..\..\src\MiniStudio\PauseScene.h">
            <Filter>header</Filter>
        </ClInclude>
        <ClInclude Include="..\..\..\src\MiniStudio\PlayerAnimationController.h">
            <Filter>header</Filter>
        </ClInclude>
        <ClInclude Include="..\..\..\src\MiniStudio\PlayerHealth.h">
            <Filter>header</Filter>
        </ClInclude>
        <ClInclude Include="..\..\..\src\MiniStudio\PlayerInteract.h">
            <Filter>header</Filter>
        </ClInclude>
        <ClInclude Include="..\..\..\src\MiniStudio\PlayerMovement.h">
            <Filter>header</Filter>
        </ClInclude>
        <ClInclude Include="..\..\..\src\MiniStudio\PlayerWalljump.h">
            <Filter>header</Filter>
        </ClInclude>
        <ClInclude Include="..\..\..\src\MiniStudio\RatMovement.h">
            <Filter>header</Filter>
        </ClInclude>
        <ClInclude Include="..\..\..\src\MiniStudio\RebindButton.h">
            <Filter>header</Filter>
        </ClInclude>
        <ClInclude Include="..\..\..\src\MiniStudio\RhythmSpawner.h">
            <Filter>header</Filter>
        </ClInclude>
        <ClInclude Include="..\..\..\src\MiniStudio\RythmeText.h">
            <Filter>header</Filter>
        </ClInclude>
        <ClInclude Include="..\..\..\src\MiniStudio\SettingsLoader.h">
            <Filter>header</Filter>
        </ClInclude>
        <ClInclude Include="..\..\..\src\MiniStudio\SettingsScene.h">
            <Filter>header</Filter>
        </ClInclude>
        <ClInclude Include="..\..\..\src\MiniStudio\SoundEffect.h">
            <Filter>header</Filter>
        </ClInclude>
        <ClInclude Include="..\..\..\src\MiniStudio\StartScene.h">
            <Filter>header</Filter>
        </ClInclude>
    </ItemGroup>
</Project>
