<?xml version="1.0" encoding="UTF-8"?>
<Project xmlns="http://schemas.microsoft.com/developer/msbuild/2003" ToolsVersion="4.0">
    <ItemGroup>
        <Filter Include="header">
            <UniqueIdentifier>{F3979BE9-1D7E-4B76-9FC1-3B484D576C99}</UniqueIdentifier>
            <Extensions>h;hpp</Extensions>
        </Filter>
        <Filter Include="resource">
            <UniqueIdentifier>{1E586088-B39F-4686-B559-0BB9CD94C3F0}</UniqueIdentifier>
            <Extensions>hlsl;jpg;jpeg;png;wav;mp3;ico;dds;rc;obj</Extensions>
        </Filter>
        <Filter Include="source">
            <UniqueIdentifier>{A4139AB2-687A-42FF-A833-E0E0003E3DEF}</UniqueIdentifier>
            <Extensions>cpp;c</Extensions>
        </Filter>
    </ItemGroup>
    <ItemGroup>
        <ClCompile Include="..\..\..\src\LightEngine\Debug.cpp">
            <Filter>source</Filter>
        </ClCompile>
        <ClCompile Include="..\..\..\src\LightEngine\Entity.cpp">
            <Filter>source</Filter>
        </ClCompile>
        <ClCompile Include="..\..\..\src\LightEngine\GameManager.cpp">
            <Filter>source</Filter>
        </ClCompile>
        <ClCompile Include="..\..\..\src\LightEngine\Scene.cpp">
            <Filter>source</Filter>
        </ClCompile>
        <ClCompile Include="..\..\..\src\LightEngine\Utils.cpp">
            <Filter>source</Filter>
        </ClCompile>
        <ClInclude Include="..\..\..\src\LightEngine\Debug.h">
            <Filter>header</Filter>
        </ClInclude>
        <ClInclude Include="..\..\..\src\LightEngine\Entity.h">
            <Filter>header</Filter>
        </ClInclude>
        <ClInclude Include="..\..\..\src\LightEngine\GameManager.h">
            <Filter>header</Filter>
        </ClInclude>
        <ClInclude Include="..\..\..\src\LightEngine\Scene.h">
            <Filter>header</Filter>
        </ClInclude>
        <ClInclude Include="..\..\..\src\LightEngine\Utils.h">
            <Filter>header</Filter>
        </ClInclude>
    </ItemGroup>
</Project>
